# This file is automatically @generated by Cargo.
# It is not intended for manual editing.
[[package]]
name = "shader"
version = "0.1.0"
dependencies = [
 "spirv-std",
]

[[package]]
name = "spirv-std"
version = "0.1.0"
source = "git+https://github.com/EmbarkStudios/rust-gpu?rev=ffc6d30dcd7501f5640fade2c4cb833a7378c13a#ffc6d30dcd7501f5640fade2c4cb833a7378c13a"
